# This file is autogenerated, do not edit; changes may be undone by the next 'dep ensure'.


[[projects]]
  digest = "1:34e709f36fd4f868fb00dbaf8a6cab4c1ae685832d392874ba9d7c5dec2429d1"
  name = "github.com/gogo/protobuf"
  packages = [
    "proto",
    "sortkeys",
  ]
  pruneopts = "UT"
  revision = "636bf0302bc95575d69441b25a2603156ffdddf1"
  version = "v1.1.1"

[[projects]]
  branch = "master"
  digest = "1:1ba1d79f2810270045c328ae5d674321db34e3aae468eb4233883b473c5c0467"
  name = "github.com/golang/glog"
  packages = ["."]
  pruneopts = "UT"
  revision = "23def4e6c14b4da8ac2ed8007337bc5eb5007998"

[[projects]]
  digest = "1:97df918963298c287643883209a2c3f642e6593379f97ab400c2a2e219ab647d"
  name = "github.com/golang/protobuf"
  packages = ["proto"]
  pruneopts = "UT"
  revision = "aa810b61a9c79d51363740d207bb46cf8e620ed5"
  version = "v1.2.0"

[[projects]]
  digest = "1:f4f203acd8b11b8747bdcd91696a01dbc95ccb9e2ca2db6abf81c3a4f5e950ce"
  name = "github.com/google/go-github"
  packages = ["github"]
  pruneopts = "UT"
  revision = "f55b50f38167644bb7e4be03d9a2bde71d435239"
  version = "v18.2.0"

[[projects]]
  digest = "1:a63cff6b5d8b95638bfe300385d93b2a6d9d687734b863da8e09dc834510a690"
  name = "github.com/google/go-querystring"
  packages = ["query"]
  pruneopts = "UT"
  revision = "44c6ddd0a2342c386950e880b658017258da92fc"
  version = "v1.0.0"

[[projects]]
  branch = "master"
  digest = "1:3ee90c0d94da31b442dde97c99635aaafec68d0b8a3c12ee2075c6bdabeec6bb"
  name = "github.com/google/gofuzz"
  packages = ["."]
  pruneopts = "UT"
  revision = "24818f796faf91cd76ec7bddd72458fbced7a6c1"

[[projects]]
  branch = "master"
  digest = "1:56f32737eb70d1269f66f18284487a443295e200ce9a5a3fff7a2d544eeca665"
  name = "golang.org/x/net"
  packages = [
    "context",
    "context/ctxhttp",
    "http/httpguts",
    "http2",
    "http2/hpack",
    "idna",
  ]
  pruneopts = "UT"
  revision = "49bb7cea24b1df9410e1712aa6433dae904ff66a"

[[projects]]
  branch = "master"
  digest = "1:28b360454e161aae382c007449bcb1296087b5b52b4f37623bba0f9f9d7207f4"
  name = "golang.org/x/oauth2"
  packages = [
    ".",
    "internal",
  ]
  pruneopts = "UT"
  revision = "c57b0facaced709681d9f90397429b9430a74754"

[[projects]]
  digest = "1:a2ab62866c75542dd18d2b069fec854577a20211d7c0ea6ae746072a1dccdd18"
  name = "golang.org/x/text"
  packages = [
    "collate",
    "collate/build",
    "internal/colltab",
    "internal/gen",
    "internal/tag",
    "internal/triegen",
    "internal/ucd",
    "language",
    "secure/bidirule",
    "transform",
    "unicode/bidi",
    "unicode/cldr",
    "unicode/norm",
    "unicode/rangetable",
  ]
  pruneopts = "UT"
  revision = "f21a4dfb5e38f5895301dc265a8def02365cc3d0"
  version = "v0.3.0"

[[projects]]
  digest = "1:6247f76e55a1e1a5c19a81e2d4b4dff6730461eeb5bbb0a16dd4a8ec8637ee93"
  name = "google.golang.org/appengine"
  packages = [
    "internal",
    "internal/base",
    "internal/datastore",
    "internal/log",
    "internal/remote_api",
    "internal/urlfetch",
    "urlfetch",
  ]
  pruneopts = "UT"
  revision = "ae0ab99deb4dc413a2b4bd6c8bdd0eb67f1e4d06"
  version = "v1.2.0"

[[projects]]
  digest = "1:2d1fbdc6777e5408cabeb02bf336305e724b925ff4546ded0fa8715a7267922a"
  name = "gopkg.in/inf.v0"
  packages = ["."]
  pruneopts = "UT"
  revision = "d2d2541c53f18d2a059457998ce2876cc8e67cbf"
  version = "v0.9.1"

[[projects]]
  branch = "master"
  digest = "1:240ad32f0fb95f0b163471ecd9a00f621b40d7ea7b8a7a393f2d9484075a1d69"
  name = "k8s.io/api"
  packages = [
    "apps/v1",
    "core/v1",
  ]
  pruneopts = "UT"
  revision = "26c7a45db37856b19f05ba5aa21d2df4b81ecff3"

[[projects]]
  branch = "master"
  digest = "1:eb72a8c52359ef2b95634b3b9c755bb3eff0b18fc4a8ea354f75a260a27eeafa"
  name = "k8s.io/apimachinery"
  packages = [
    "pkg/api/resource",
    "pkg/apis/meta/v1",
    "pkg/conversion",
    "pkg/conversion/queryparams",
    "pkg/fields",
    "pkg/labels",
    "pkg/runtime",
    "pkg/runtime/schema",
    "pkg/selection",
    "pkg/types",
    "pkg/util/errors",
    "pkg/util/intstr",
    "pkg/util/json",
    "pkg/util/naming",
    "pkg/util/net",
    "pkg/util/runtime",
    "pkg/util/sets",
    "pkg/util/validation",
    "pkg/util/validation/field",
    "pkg/watch",
    "third_party/forked/golang/reflect",
  ]
  pruneopts = "UT"
  revision = "56cf97ad69c72c043045c349a1badf99d9f7ef44"

[solve-meta]
  analyzer-name = "dep"
  analyzer-version = 1
  input-imports = [
    "github.com/google/go-github/github",
    "golang.org/x/oauth2",
    "k8s.io/api/apps/v1",
  ]
  solver-name = "gps-cdcl"
  solver-version = 1
